// !$*UTF8*$!
{
	archiveVersion = 1;
	classes = {
	};
	objectVersion = 56;
	objects = {

/* Begin PBXBuildFile section */
		9301E2922CA0377200A9FBBD /* GFButton.swift in Sources */ = {isa = PBXBuildFile; fileRef = 9301E2912CA0377200A9FBBD /* GFButton.swift */; };
		9301E2942CA03BBE00A9FBBD /* GFTextField.swift in Sources */ = {isa = PBXBuildFile; fileRef = 9301E2932CA03BBE00A9FBBD /* GFTextField.swift */; };
		930992332CC039F30070AE2D /* UserInfoVC.swift in Sources */ = {isa = PBXBuildFile; fileRef = 930992322CC039F30070AE2D /* UserInfoVC.swift */; };
		930992362CC040700070AE2D /* netfox in Frameworks */ = {isa = PBXBuildFile; productRef = 930992352CC040700070AE2D /* netfox */; };
		93279C472CADDF620003C43F /* GFTitleLabel.swift in Sources */ = {isa = PBXBuildFile; fileRef = 93279C462CADDF620003C43F /* GFTitleLabel.swift */; };
		93279C492CADE1940003C43F /* GFBodyLabel.swift in Sources */ = {isa = PBXBuildFile; fileRef = 93279C482CADE1940003C43F /* GFBodyLabel.swift */; };
		93279C4B2CADE5CD0003C43F /* GFAlertVC.swift in Sources */ = {isa = PBXBuildFile; fileRef = 93279C4A2CADE5CD0003C43F /* GFAlertVC.swift */; };
		93279C4D2CADEF330003C43F /* UIViewController+Extension.swift in Sources */ = {isa = PBXBuildFile; fileRef = 93279C4C2CADEF330003C43F /* UIViewController+Extension.swift */; };
		9328B0BA2CD00D4F00E3D0C5 /* GFItemInfoView.swift in Sources */ = {isa = PBXBuildFile; fileRef = 9328B0B92CD00D4F00E3D0C5 /* GFItemInfoView.swift */; };
		9328B0BC2CD0162D00E3D0C5 /* GFItemInfoVC.swift in Sources */ = {isa = PBXBuildFile; fileRef = 9328B0BB2CD0162D00E3D0C5 /* GFItemInfoVC.swift */; };
		9330A2AA2CA00BDA002D8864 /* AppDelegate.swift in Sources */ = {isa = PBXBuildFile; fileRef = 9330A2A92CA00BDA002D8864 /* AppDelegate.swift */; };
		9330A2AC2CA00BDA002D8864 /* SceneDelegate.swift in Sources */ = {isa = PBXBuildFile; fileRef = 9330A2AB2CA00BDA002D8864 /* SceneDelegate.swift */; };
		9330A2B32CA00BDC002D8864 /* Assets.xcassets in Resources */ = {isa = PBXBuildFile; fileRef = 9330A2B22CA00BDC002D8864 /* Assets.xcassets */; };
		9330A2B62CA00BDC002D8864 /* LaunchScreen.storyboard in Resources */ = {isa = PBXBuildFile; fileRef = 9330A2B42CA00BDC002D8864 /* LaunchScreen.storyboard */; };
		933E0C352CD0C5E400451839 /* GFRepoItemVC.swift in Sources */ = {isa = PBXBuildFile; fileRef = 933E0C342CD0C5E400451839 /* GFRepoItemVC.swift */; };
		933E0C372CD0C7C700451839 /* GFFollowerItemVC.swift in Sources */ = {isa = PBXBuildFile; fileRef = 933E0C362CD0C7C700451839 /* GFFollowerItemVC.swift */; };
		9349F18E2CB595E900CC1F35 /* FollowerCell.swift in Sources */ = {isa = PBXBuildFile; fileRef = 9349F18D2CB595E900CC1F35 /* FollowerCell.swift */; };
		9349F1902CB5962E00CC1F35 /* GFAvatarImageView.swift in Sources */ = {isa = PBXBuildFile; fileRef = 9349F18F2CB5962E00CC1F35 /* GFAvatarImageView.swift */; };
		9360B17F2CBDABBB00CB7C0B /* GFEmptyStateView.swift in Sources */ = {isa = PBXBuildFile; fileRef = 9360B17E2CBDABBB00CB7C0B /* GFEmptyStateView.swift */; };
		937684832CA029C9005BFF02 /* SearchVC.swift in Sources */ = {isa = PBXBuildFile; fileRef = 937684822CA029C9005BFF02 /* SearchVC.swift */; };
		937684852CA029D1005BFF02 /* FavoritesListVC.swift in Sources */ = {isa = PBXBuildFile; fileRef = 937684842CA029D1005BFF02 /* FavoritesListVC.swift */; };
		93808B012CCD87FB001C821A /* GFUserInfoHeaderVC.swift in Sources */ = {isa = PBXBuildFile; fileRef = 93808B002CCD87FB001C821A /* GFUserInfoHeaderVC.swift */; };
		93808B032CCD8883001C821A /* GFSecondaryLabel.swift in Sources */ = {isa = PBXBuildFile; fileRef = 93808B022CCD8883001C821A /* GFSecondaryLabel.swift */; };
		93A94A872CAF2CF400CD2250 /* NetworkManager.swift in Sources */ = {isa = PBXBuildFile; fileRef = 93A94A862CAF2CF400CD2250 /* NetworkManager.swift */; };
		93DF2E602CA09D6C00032254 /* FollowerListVC.swift in Sources */ = {isa = PBXBuildFile; fileRef = 93DF2E5F2CA09D6C00032254 /* FollowerListVC.swift */; };
		93EC0A572CBAC35200A80C01 /* UIHelper.swift in Sources */ = {isa = PBXBuildFile; fileRef = 93EC0A562CBAC35200A80C01 /* UIHelper.swift */; };
		93FE5C862CAEC4E8007229EE /* Followers.swift in Sources */ = {isa = PBXBuildFile; fileRef = 93FE5C852CAEC4E8007229EE /* Followers.swift */; };
		93FE5C882CAEC63E007229EE /* User.swift in Sources */ = {isa = PBXBuildFile; fileRef = 93FE5C872CAEC63E007229EE /* User.swift */; };
/* End PBXBuildFile section */

/* Begin PBXFileReference section */
		9301E2912CA0377200A9FBBD /* GFButton.swift */ = {isa = PBXFileReference; lastKnownFileType = sourcecode.swift; path = GFButton.swift; sourceTree = "<group>"; };
		9301E2932CA03BBE00A9FBBD /* GFTextField.swift */ = {isa = PBXFileReference; lastKnownFileType = sourcecode.swift; path = GFTextField.swift; sourceTree = "<group>"; };
		930992322CC039F30070AE2D /* UserInfoVC.swift */ = {isa = PBXFileReference; lastKnownFileType = sourcecode.swift; path = UserInfoVC.swift; sourceTree = "<group>"; };
		93279C462CADDF620003C43F /* GFTitleLabel.swift */ = {isa = PBXFileReference; lastKnownFileType = sourcecode.swift; path = GFTitleLabel.swift; sourceTree = "<group>"; };
		93279C482CADE1940003C43F /* GFBodyLabel.swift */ = {isa = PBXFileReference; lastKnownFileType = sourcecode.swift; path = GFBodyLabel.swift; sourceTree = "<group>"; };
		93279C4A2CADE5CD0003C43F /* GFAlertVC.swift */ = {isa = PBXFileReference; lastKnownFileType = sourcecode.swift; path = GFAlertVC.swift; sourceTree = "<group>"; };
		93279C4C2CADEF330003C43F /* UIViewController+Extension.swift */ = {isa = PBXFileReference; lastKnownFileType = sourcecode.swift; path = "UIViewController+Extension.swift"; sourceTree = "<group>"; };
		9328B0B92CD00D4F00E3D0C5 /* GFItemInfoView.swift */ = {isa = PBXFileReference; lastKnownFileType = sourcecode.swift; path = GFItemInfoView.swift; sourceTree = "<group>"; };
		9328B0BB2CD0162D00E3D0C5 /* GFItemInfoVC.swift */ = {isa = PBXFileReference; lastKnownFileType = sourcecode.swift; path = GFItemInfoVC.swift; sourceTree = "<group>"; };
		9330A2A62CA00BDA002D8864 /* GHFollowers.app */ = {isa = PBXFileReference; explicitFileType = wrapper.application; includeInIndex = 0; path = GHFollowers.app; sourceTree = BUILT_PRODUCTS_DIR; };
		9330A2A92CA00BDA002D8864 /* AppDelegate.swift */ = {isa = PBXFileReference; lastKnownFileType = sourcecode.swift; path = AppDelegate.swift; sourceTree = "<group>"; };
		9330A2AB2CA00BDA002D8864 /* SceneDelegate.swift */ = {isa = PBXFileReference; lastKnownFileType = sourcecode.swift; path = SceneDelegate.swift; sourceTree = "<group>"; };
		9330A2B22CA00BDC002D8864 /* Assets.xcassets */ = {isa = PBXFileReference; lastKnownFileType = folder.assetcatalog; path = Assets.xcassets; sourceTree = "<group>"; };
		9330A2B52CA00BDC002D8864 /* Base */ = {isa = PBXFileReference; lastKnownFileType = file.storyboard; name = Base; path = Base.lproj/LaunchScreen.storyboard; sourceTree = "<group>"; };
		9330A2B72CA00BDC002D8864 /* Info.plist */ = {isa = PBXFileReference; lastKnownFileType = text.plist.xml; path = Info.plist; sourceTree = "<group>"; };
		933E0C342CD0C5E400451839 /* GFRepoItemVC.swift */ = {isa = PBXFileReference; lastKnownFileType = sourcecode.swift; path = GFRepoItemVC.swift; sourceTree = "<group>"; };
		933E0C362CD0C7C700451839 /* GFFollowerItemVC.swift */ = {isa = PBXFileReference; lastKnownFileType = sourcecode.swift; path = GFFollowerItemVC.swift; sourceTree = "<group>"; };
		9349F18D2CB595E900CC1F35 /* FollowerCell.swift */ = {isa = PBXFileReference; lastKnownFileType = sourcecode.swift; path = FollowerCell.swift; sourceTree = "<group>"; };
		9349F18F2CB5962E00CC1F35 /* GFAvatarImageView.swift */ = {isa = PBXFileReference; lastKnownFileType = sourcecode.swift; path = GFAvatarImageView.swift; sourceTree = "<group>"; };
		9360B17E2CBDABBB00CB7C0B /* GFEmptyStateView.swift */ = {isa = PBXFileReference; lastKnownFileType = sourcecode.swift; path = GFEmptyStateView.swift; sourceTree = "<group>"; };
		937684822CA029C9005BFF02 /* SearchVC.swift */ = {isa = PBXFileReference; lastKnownFileType = sourcecode.swift; path = SearchVC.swift; sourceTree = "<group>"; };
		937684842CA029D1005BFF02 /* FavoritesListVC.swift */ = {isa = PBXFileReference; lastKnownFileType = sourcecode.swift; path = FavoritesListVC.swift; sourceTree = "<group>"; };
		93808B002CCD87FB001C821A /* GFUserInfoHeaderVC.swift */ = {isa = PBXFileReference; lastKnownFileType = sourcecode.swift; path = GFUserInfoHeaderVC.swift; sourceTree = "<group>"; };
		93808B022CCD8883001C821A /* GFSecondaryLabel.swift */ = {isa = PBXFileReference; lastKnownFileType = sourcecode.swift; path = GFSecondaryLabel.swift; sourceTree = "<group>"; };
		93A94A862CAF2CF400CD2250 /* NetworkManager.swift */ = {isa = PBXFileReference; lastKnownFileType = sourcecode.swift; path = NetworkManager.swift; sourceTree = "<group>"; };
		93DF2E5F2CA09D6C00032254 /* FollowerListVC.swift */ = {isa = PBXFileReference; lastKnownFileType = sourcecode.swift; path = FollowerListVC.swift; sourceTree = "<group>"; };
		93EC0A562CBAC35200A80C01 /* UIHelper.swift */ = {isa = PBXFileReference; lastKnownFileType = sourcecode.swift; path = UIHelper.swift; sourceTree = "<group>"; };
		93FE5C852CAEC4E8007229EE /* Followers.swift */ = {isa = PBXFileReference; lastKnownFileType = sourcecode.swift; path = Followers.swift; sourceTree = "<group>"; };
		93FE5C872CAEC63E007229EE /* User.swift */ = {isa = PBXFileReference; lastKnownFileType = sourcecode.swift; path = User.swift; sourceTree = "<group>"; };
/* End PBXFileReference section */

/* Begin PBXFrameworksBuildPhase section */
		9330A2A32CA00BDA002D8864 /* Frameworks */ = {
			isa = PBXFrameworksBuildPhase;
			buildActionMask = 2147483647;
			files = (
				930992362CC040700070AE2D /* netfox in Frameworks */,
			);
			runOnlyForDeploymentPostprocessing = 0;
		};
/* End PBXFrameworksBuildPhase section */

/* Begin PBXGroup section */
		9330A29D2CA00BDA002D8864 = {
			isa = PBXGroup;
			children = (
				9330A2A82CA00BDA002D8864 /* GHFollowers */,
				9330A2A72CA00BDA002D8864 /* Products */,
			);
			sourceTree = "<group>";
		};
		9330A2A72CA00BDA002D8864 /* Products */ = {
			isa = PBXGroup;
			children = (
				9330A2A62CA00BDA002D8864 /* GHFollowers.app */,
			);
			name = Products;
			sourceTree = "<group>";
		};
		9330A2A82CA00BDA002D8864 /* GHFollowers */ = {
			isa = PBXGroup;
			children = (
				9330A2B72CA00BDC002D8864 /* Info.plist */,
				93FE5C842CAEC4E2007229EE /* Models */,
				93A94A852CAF2CED00CD2250 /* Managers */,
				93FE5C832CAEBF2D007229EE /* Others */,
				93FE5C822CAEBE5F007229EE /* Extensions */,
				93FE5C812CAEBE3D007229EE /* Views */,
				93FE5C802CAEBDD9007229EE /* Controllers */,
			);
			path = GHFollowers;
			sourceTree = "<group>";
		};
		933E0C382CD0C88000451839 /* ItemInfoVCs */ = {
			isa = PBXGroup;
			children = (
				9328B0BB2CD0162D00E3D0C5 /* GFItemInfoVC.swift */,
				933E0C342CD0C5E400451839 /* GFRepoItemVC.swift */,
				933E0C362CD0C7C700451839 /* GFFollowerItemVC.swift */,
			);
			path = ItemInfoVCs;
			sourceTree = "<group>";
		};
		9349F1802CB58D1100CC1F35 /* Cells */ = {
			isa = PBXGroup;
			children = (
				9349F18D2CB595E900CC1F35 /* FollowerCell.swift */,
				9349F18F2CB5962E00CC1F35 /* GFAvatarImageView.swift */,
				9328B0B92CD00D4F00E3D0C5 /* GFItemInfoView.swift */,
			);
			path = Cells;
			sourceTree = "<group>";
		};
		93A94A852CAF2CED00CD2250 /* Managers */ = {
			isa = PBXGroup;
			children = (
				93A94A862CAF2CF400CD2250 /* NetworkManager.swift */,
			);
			path = Managers;
			sourceTree = "<group>";
		};
		93FE5C802CAEBDD9007229EE /* Controllers */ = {
			isa = PBXGroup;
			children = (
				937684822CA029C9005BFF02 /* SearchVC.swift */,
				937684842CA029D1005BFF02 /* FavoritesListVC.swift */,
				93DF2E5F2CA09D6C00032254 /* FollowerListVC.swift */,
				930992322CC039F30070AE2D /* UserInfoVC.swift */,
			);
			path = Controllers;
			sourceTree = "<group>";
		};
		93FE5C812CAEBE3D007229EE /* Views */ = {
			isa = PBXGroup;
			children = (
				933E0C382CD0C88000451839 /* ItemInfoVCs */,
				9349F1802CB58D1100CC1F35 /* Cells */,
				93279C4A2CADE5CD0003C43F /* GFAlertVC.swift */,
				9301E2912CA0377200A9FBBD /* GFButton.swift */,
				9301E2932CA03BBE00A9FBBD /* GFTextField.swift */,
				93279C462CADDF620003C43F /* GFTitleLabel.swift */,
				93279C482CADE1940003C43F /* GFBodyLabel.swift */,
				9360B17E2CBDABBB00CB7C0B /* GFEmptyStateView.swift */,
				93808B022CCD8883001C821A /* GFSecondaryLabel.swift */,
				93808B002CCD87FB001C821A /* GFUserInfoHeaderVC.swift */,
			);
			path = Views;
			sourceTree = "<group>";
		};
		93FE5C822CAEBE5F007229EE /* Extensions */ = {
			isa = PBXGroup;
			children = (
				93279C4C2CADEF330003C43F /* UIViewController+Extension.swift */,
				93EC0A562CBAC35200A80C01 /* UIHelper.swift */,
			);
			path = Extensions;
			sourceTree = "<group>";
		};
		93FE5C832CAEBF2D007229EE /* Others */ = {
			isa = PBXGroup;
			children = (
				9330A2A92CA00BDA002D8864 /* AppDelegate.swift */,
				9330A2AB2CA00BDA002D8864 /* SceneDelegate.swift */,
				9330A2B22CA00BDC002D8864 /* Assets.xcassets */,
				9330A2B42CA00BDC002D8864 /* LaunchScreen.storyboard */,
			);
			path = Others;
			sourceTree = "<group>";
		};
		93FE5C842CAEC4E2007229EE /* Models */ = {
			isa = PBXGroup;
			children = (
				93FE5C852CAEC4E8007229EE /* Followers.swift */,
				93FE5C872CAEC63E007229EE /* User.swift */,
			);
			path = Models;
			sourceTree = "<group>";
		};
/* End PBXGroup section */

/* Begin PBXNativeTarget section */
		9330A2A52CA00BDA002D8864 /* GHFollowers */ = {
			isa = PBXNativeTarget;
			buildConfigurationList = 9330A2BA2CA00BDC002D8864 /* Build configuration list for PBXNativeTarget "GHFollowers" */;
			buildPhases = (
				9330A2A22CA00BDA002D8864 /* Sources */,
				9330A2A32CA00BDA002D8864 /* Frameworks */,
				9330A2A42CA00BDA002D8864 /* Resources */,
			);
			buildRules = (
			);
			dependencies = (
			);
			name = GHFollowers;
			packageProductDependencies = (
				930992352CC040700070AE2D /* netfox */,
			);
			productName = GHFollowers;
			productReference = 9330A2A62CA00BDA002D8864 /* GHFollowers.app */;
			productType = "com.apple.product-type.application";
		};
/* End PBXNativeTarget section */

/* Begin PBXProject section */
		9330A29E2CA00BDA002D8864 /* Project object */ = {
			isa = PBXProject;
			attributes = {
				BuildIndependentTargetsInParallel = 1;
				LastSwiftUpdateCheck = 1510;
				LastUpgradeCheck = 1510;
				TargetAttributes = {
					9330A2A52CA00BDA002D8864 = {
						CreatedOnToolsVersion = 15.1;
					};
				};
			};
			buildConfigurationList = 9330A2A12CA00BDA002D8864 /* Build configuration list for PBXProject "GHFollowers" */;
			compatibilityVersion = "Xcode 14.0";
			developmentRegion = en;
			hasScannedForEncodings = 0;
			knownRegions = (
				en,
				Base,
			);
			mainGroup = 9330A29D2CA00BDA002D8864;
			packageReferences = (
				930992342CC040700070AE2D /* XCRemoteSwiftPackageReference "netfox" */,
			);
			productRefGroup = 9330A2A72CA00BDA002D8864 /* Products */;
			projectDirPath = "";
			projectRoot = "";
			targets = (
				9330A2A52CA00BDA002D8864 /* GHFollowers */,
			);
		};
/* End PBXProject section */

/* Begin PBXResourcesBuildPhase section */
		9330A2A42CA00BDA002D8864 /* Resources */ = {
			isa = PBXResourcesBuildPhase;
			buildActionMask = 2147483647;
			files = (
				9330A2B62CA00BDC002D8864 /* LaunchScreen.storyboard in Resources */,
				9330A2B32CA00BDC002D8864 /* Assets.xcassets in Resources */,
			);
			runOnlyForDeploymentPostprocessing = 0;
		};
/* End PBXResourcesBuildPhase section */

/* Begin PBXSourcesBuildPhase section */
		9330A2A22CA00BDA002D8864 /* Sources */ = {
			isa = PBXSourcesBuildPhase;
			buildActionMask = 2147483647;
			files = (
				933E0C352CD0C5E400451839 /* GFRepoItemVC.swift in Sources */,
				9328B0BA2CD00D4F00E3D0C5 /* GFItemInfoView.swift in Sources */,
				93FE5C882CAEC63E007229EE /* User.swift in Sources */,
				9301E2942CA03BBE00A9FBBD /* GFTextField.swift in Sources */,
				9349F18E2CB595E900CC1F35 /* FollowerCell.swift in Sources */,
				93279C4D2CADEF330003C43F /* UIViewController+Extension.swift in Sources */,
				937684832CA029C9005BFF02 /* SearchVC.swift in Sources */,
				93808B012CCD87FB001C821A /* GFUserInfoHeaderVC.swift in Sources */,
				93FE5C862CAEC4E8007229EE /* Followers.swift in Sources */,
				9301E2922CA0377200A9FBBD /* GFButton.swift in Sources */,
				937684852CA029D1005BFF02 /* FavoritesListVC.swift in Sources */,
				93279C4B2CADE5CD0003C43F /* GFAlertVC.swift in Sources */,
				9360B17F2CBDABBB00CB7C0B /* GFEmptyStateView.swift in Sources */,
				93279C492CADE1940003C43F /* GFBodyLabel.swift in Sources */,
				93DF2E602CA09D6C00032254 /* FollowerListVC.swift in Sources */,
				93A94A872CAF2CF400CD2250 /* NetworkManager.swift in Sources */,
				930992332CC039F30070AE2D /* UserInfoVC.swift in Sources */,
				9328B0BC2CD0162D00E3D0C5 /* GFItemInfoVC.swift in Sources */,
				93EC0A572CBAC35200A80C01 /* UIHelper.swift in Sources */,
				933E0C372CD0C7C700451839 /* GFFollowerItemVC.swift in Sources */,
				9349F1902CB5962E00CC1F35 /* GFAvatarImageView.swift in Sources */,
				93808B032CCD8883001C821A /* GFSecondaryLabel.swift in Sources */,
				9330A2AA2CA00BDA002D8864 /* AppDelegate.swift in Sources */,
				93279C472CADDF620003C43F /* GFTitleLabel.swift in Sources */,
				9330A2AC2CA00BDA002D8864 /* SceneDelegate.swift in Sources */,
			);
			runOnlyForDeploymentPostprocessing = 0;
		};
/* End PBXSourcesBuildPhase section */

/* Begin PBXVariantGroup section */
		9330A2B42CA00BDC002D8864 /* LaunchScreen.storyboard */ = {
			isa = PBXVariantGroup;
			children = (
				9330A2B52CA00BDC002D8864 /* Base */,
			);
			name = LaunchScreen.storyboard;
			sourceTree = "<group>";
		};
/* End PBXVariantGroup section */

/* Begin XCBuildConfiguration section */
		9330A2B82CA00BDC002D8864 /* Debug */ = {
			isa = XCBuildConfiguration;
			buildSettings = {
				ALWAYS_SEARCH_USER_PATHS = NO;
				ASSETCATALOG_COMPILER_GENERATE_SWIFT_ASSET_SYMBOL_EXTENSIONS = YES;
				CLANG_ANALYZER_NONNULL = YES;
				CLANG_ANALYZER_NUMBER_OBJECT_CONVERSION = YES_AGGRESSIVE;
				CLANG_CXX_LANGUAGE_STANDARD = "gnu++20";
				CLANG_ENABLE_MODULES = YES;
				CLANG_ENABLE_OBJC_ARC = YES;
				CLANG_ENABLE_OBJC_WEAK = YES;
				CLANG_WARN_BLOCK_CAPTURE_AUTORELEASING = YES;
				CLANG_WARN_BOOL_CONVERSION = YES;
				CLANG_WARN_COMMA = YES;
				CLANG_WARN_CONSTANT_CONVERSION = YES;
				CLANG_WARN_DEPRECATED_OBJC_IMPLEMENTATIONS = YES;
				CLANG_WARN_DIRECT_OBJC_ISA_USAGE = YES_ERROR;
				CLANG_WARN_DOCUMENTATION_COMMENTS = YES;
				CLANG_WARN_EMPTY_BODY = YES;
				CLANG_WARN_ENUM_CONVERSION = YES;
				CLANG_WARN_INFINITE_RECURSION = YES;
				CLANG_WARN_INT_CONVERSION = YES;
				CLANG_WARN_NON_LITERAL_NULL_CONVERSION = YES;
				CLANG_WARN_OBJC_IMPLICIT_RETAIN_SELF = YES;
				CLANG_WARN_OBJC_LITERAL_CONVERSION = YES;
				CLANG_WARN_OBJC_ROOT_CLASS = YES_ERROR;
				CLANG_WARN_QUOTED_INCLUDE_IN_FRAMEWORK_HEADER = YES;
				CLANG_WARN_RANGE_LOOP_ANALYSIS = YES;
				CLANG_WARN_STRICT_PROTOTYPES = YES;
				CLANG_WARN_SUSPICIOUS_MOVE = YES;
				CLANG_WARN_UNGUARDED_AVAILABILITY = YES_AGGRESSIVE;
				CLANG_WARN_UNREACHABLE_CODE = YES;
				CLANG_WARN__DUPLICATE_METHOD_MATCH = YES;
				COPY_PHASE_STRIP = NO;
				DEBUG_INFORMATION_FORMAT = dwarf;
				ENABLE_STRICT_OBJC_MSGSEND = YES;
				ENABLE_TESTABILITY = YES;
				ENABLE_USER_SCRIPT_SANDBOXING = YES;
				GCC_C_LANGUAGE_STANDARD = gnu17;
				GCC_DYNAMIC_NO_PIC = NO;
				GCC_NO_COMMON_BLOCKS = YES;
				GCC_OPTIMIZATION_LEVEL = 0;
				GCC_PREPROCESSOR_DEFINITIONS = (
					"DEBUG=1",
					"$(inherited)",
				);
				GCC_WARN_64_TO_32_BIT_CONVERSION = YES;
				GCC_WARN_ABOUT_RETURN_TYPE = YES_ERROR;
				GCC_WARN_UNDECLARED_SELECTOR = YES;
				GCC_WARN_UNINITIALIZED_AUTOS = YES_AGGRESSIVE;
				GCC_WARN_UNUSED_FUNCTION = YES;
				GCC_WARN_UNUSED_VARIABLE = YES;
				IPHONEOS_DEPLOYMENT_TARGET = 17.2;
				LOCALIZATION_PREFERS_STRING_CATALOGS = YES;
				MTL_ENABLE_DEBUG_INFO = INCLUDE_SOURCE;
				MTL_FAST_MATH = YES;
				ONLY_ACTIVE_ARCH = YES;
				SDKROOT = iphoneos;
				SWIFT_ACTIVE_COMPILATION_CONDITIONS = "DEBUG $(inherited)";
				SWIFT_OPTIMIZATION_LEVEL = "-Onone";
			};
			name = Debug;
		};
		9330A2B92CA00BDC002D8864 /* Release */ = {
			isa = XCBuildConfiguration;
			buildSettings = {
				ALWAYS_SEARCH_USER_PATHS = NO;
				ASSETCATALOG_COMPILER_GENERATE_SWIFT_ASSET_SYMBOL_EXTENSIONS = YES;
				CLANG_ANALYZER_NONNULL = YES;
				CLANG_ANALYZER_NUMBER_OBJECT_CONVERSION = YES_AGGRESSIVE;
				CLANG_CXX_LANGUAGE_STANDARD = "gnu++20";
				CLANG_ENABLE_MODULES = YES;
				CLANG_ENABLE_OBJC_ARC = YES;
				CLANG_ENABLE_OBJC_WEAK = YES;
				CLANG_WARN_BLOCK_CAPTURE_AUTORELEASING = YES;
				CLANG_WARN_BOOL_CONVERSION = YES;
				CLANG_WARN_COMMA = YES;
				CLANG_WARN_CONSTANT_CONVERSION = YES;
				CLANG_WARN_DEPRECATED_OBJC_IMPLEMENTATIONS = YES;
				CLANG_WARN_DIRECT_OBJC_ISA_USAGE = YES_ERROR;
				CLANG_WARN_DOCUMENTATION_COMMENTS = YES;
				CLANG_WARN_EMPTY_BODY = YES;
				CLANG_WARN_ENUM_CONVERSION = YES;
				CLANG_WARN_INFINITE_RECURSION = YES;
				CLANG_WARN_INT_CONVERSION = YES;
				CLANG_WARN_NON_LITERAL_NULL_CONVERSION = YES;
				CLANG_WARN_OBJC_IMPLICIT_RETAIN_SELF = YES;
				CLANG_WARN_OBJC_LITERAL_CONVERSION = YES;
				CLANG_WARN_OBJC_ROOT_CLASS = YES_ERROR;
				CLANG_WARN_QUOTED_INCLUDE_IN_FRAMEWORK_HEADER = YES;
				CLANG_WARN_RANGE_LOOP_ANALYSIS = YES;
				CLANG_WARN_STRICT_PROTOTYPES = YES;
				CLANG_WARN_SUSPICIOUS_MOVE = YES;
				CLANG_WARN_UNGUARDED_AVAILABILITY = YES_AGGRESSIVE;
				CLANG_WARN_UNREACHABLE_CODE = YES;
				CLANG_WARN__DUPLICATE_METHOD_MATCH = YES;
				COPY_PHASE_STRIP = NO;
				DEBUG_INFORMATION_FORMAT = "dwarf-with-dsym";
				ENABLE_NS_ASSERTIONS = NO;
				ENABLE_STRICT_OBJC_MSGSEND = YES;
				ENABLE_USER_SCRIPT_SANDBOXING = YES;
				GCC_C_LANGUAGE_STANDARD = gnu17;
				GCC_NO_COMMON_BLOCKS = YES;
				GCC_WARN_64_TO_32_BIT_CONVERSION = YES;
				GCC_WARN_ABOUT_RETURN_TYPE = YES_ERROR;
				GCC_WARN_UNDECLARED_SELECTOR = YES;
				GCC_WARN_UNINITIALIZED_AUTOS = YES_AGGRESSIVE;
				GCC_WARN_UNUSED_FUNCTION = YES;
				GCC_WARN_UNUSED_VARIABLE = YES;
				IPHONEOS_DEPLOYMENT_TARGET = 17.2;
				LOCALIZATION_PREFERS_STRING_CATALOGS = YES;
				MTL_ENABLE_DEBUG_INFO = NO;
				MTL_FAST_MATH = YES;
				SDKROOT = iphoneos;
				SWIFT_COMPILATION_MODE = wholemodule;
				VALIDATE_PRODUCT = YES;
			};
			name = Release;
		};
		9330A2BB2CA00BDC002D8864 /* Debug */ = {
			isa = XCBuildConfiguration;
			buildSettings = {
				ASSETCATALOG_COMPILER_APPICON_NAME = AppIcon;
				ASSETCATALOG_COMPILER_GLOBAL_ACCENT_COLOR_NAME = AccentColor;
				CODE_SIGN_STYLE = Automatic;
				CURRENT_PROJECT_VERSION = 1;
				DEVELOPMENT_TEAM = 99NZ9BDF3M;
				GENERATE_INFOPLIST_FILE = YES;
				INFOPLIST_FILE = GHFollowers/Info.plist;
				INFOPLIST_KEY_UIApplicationSupportsIndirectInputEvents = YES;
				INFOPLIST_KEY_UILaunchStoryboardName = LaunchScreen.storyboard;
				INFOPLIST_KEY_UISupportedInterfaceOrientations = UIInterfaceOrientationPortrait;
				INFOPLIST_KEY_UISupportedInterfaceOrientations_iPad = "UIInterfaceOrientationLandscapeLeft UIInterfaceOrientationLandscapeRight UIInterfaceOrientationPortrait UIInterfaceOrientationPortraitUpsideDown";
				LD_RUNPATH_SEARCH_PATHS = (
					"$(inherited)",
					"@executable_path/Frameworks",
				);
				MARKETING_VERSION = 1.0;
				PRODUCT_BUNDLE_IDENTIFIER = com.yasinakca.bankey.GHFollowers;
				PRODUCT_NAME = "$(TARGET_NAME)";
				SWIFT_EMIT_LOC_STRINGS = YES;
				SWIFT_VERSION = 5.0;
				TARGETED_DEVICE_FAMILY = "1,2";
			};
			name = Debug;
		};
		9330A2BC2CA00BDC002D8864 /* Release */ = {
			isa = XCBuildConfiguration;
			buildSettings = {
				ASSETCATALOG_COMPILER_APPICON_NAME = AppIcon;
				ASSETCATALOG_COMPILER_GLOBAL_ACCENT_COLOR_NAME = AccentColor;
				CODE_SIGN_STYLE = Automatic;
				CURRENT_PROJECT_VERSION = 1;
				DEVELOPMENT_TEAM = 99NZ9BDF3M;
				GENERATE_INFOPLIST_FILE = YES;
				INFOPLIST_FILE = GHFollowers/Info.plist;
				INFOPLIST_KEY_UIApplicationSupportsIndirectInputEvents = YES;
				INFOPLIST_KEY_UILaunchStoryboardName = LaunchScreen.storyboard;
				INFOPLIST_KEY_UISupportedInterfaceOrientations = UIInterfaceOrientationPortrait;
				INFOPLIST_KEY_UISupportedInterfaceOrientations_iPad = "UIInterfaceOrientationLandscapeLeft UIInterfaceOrientationLandscapeRight UIInterfaceOrientationPortrait UIInterfaceOrientationPortraitUpsideDown";
				LD_RUNPATH_SEARCH_PATHS = (
					"$(inherited)",
					"@executable_path/Frameworks",
				);
				MARKETING_VERSION = 1.0;
				PRODUCT_BUNDLE_IDENTIFIER = com.yasinakca.bankey.GHFollowers;
				PRODUCT_NAME = "$(TARGET_NAME)";
				SWIFT_EMIT_LOC_STRINGS = YES;
				SWIFT_VERSION = 5.0;
				TARGETED_DEVICE_FAMILY = "1,2";
			};
			name = Release;
		};
/* End XCBuildConfiguration section */

/* Begin XCConfigurationList section */
		9330A2A12CA00BDA002D8864 /* Build configuration list for PBXProject "GHFollowers" */ = {
			isa = XCConfigurationList;
			buildConfigurations = (
				9330A2B82CA00BDC002D8864 /* Debug */,
				9330A2B92CA00BDC002D8864 /* Release */,
			);
			defaultConfigurationIsVisible = 0;
			defaultConfigurationName = Release;
		};
		9330A2BA2CA00BDC002D8864 /* Build configuration list for PBXNativeTarget "GHFollowers" */ = {
			isa = XCConfigurationList;
			buildConfigurations = (
				9330A2BB2CA00BDC002D8864 /* Debug */,
				9330A2BC2CA00BDC002D8864 /* Release */,
			);
			defaultConfigurationIsVisible = 0;
			defaultConfigurationName = Release;
		};
/* End XCConfigurationList section */

/* Begin XCRemoteSwiftPackageReference section */
		930992342CC040700070AE2D /* XCRemoteSwiftPackageReference "netfox" */ = {
			isa = XCRemoteSwiftPackageReference;
			repositoryURL = "https://github.com/kasketis/netfox";
			requirement = {
				kind = upToNextMajorVersion;
				minimumVersion = 1.21.0;
			};
		};
/* End XCRemoteSwiftPackageReference section */

/* Begin XCSwiftPackageProductDependency section */
		930992352CC040700070AE2D /* netfox */ = {
			isa = XCSwiftPackageProductDependency;
			package = 930992342CC040700070AE2D /* XCRemoteSwiftPackageReference "netfox" */;
			productName = netfox;
		};
/* End XCSwiftPackageProductDependency section */
	};
	rootObject = 9330A29E2CA00BDA002D8864 /* Project object */;
}
